github.com/shuaiming/beans v0.0.1 h1:AwYh8Sef3p2lt/LVwpePy2kq9rp3/9OyUJI+FlIqxBQ=
github.com/shuaiming/beans v0.0.1/go.mod h1:M9GrQ3pes7cxBWPxYk2BDSLGdp+FdTvoisqPxDpkTU8=
github.com/shuaiming/openid v1.0.1 h1:dlL0v8shttHcx8Gm88Z4YRlSxdCMXyLOB9XFnNoYc5Y=
github.com/shuaiming/openid v1.0.1/go.mod h1:PlU2/Gmop+1N8kZsalLL9X5xwvVgGPDgfyA3HOELTus=
