github.com/shuaiming/openid v1.0.9 h1:JMSOoxG6ybR+UW/NVcKKIL9O7TjOcrWjoUt0Z89YiSk=
github.com/shuaiming/openid v1.0.9/go.mod h1:FmQBCoKw38dlM4RpEHIUtmcUvQYwTjdKfM5Nfq1TPis=
github.com/shuaiming/sessions v0.0.4 h1:pVMfWDRu0Isu3qfke9xm6fQhuov+wOjY6sofeeYYR9A=
github.com/shuaiming/sessions v0.0.4/go.mod h1:F2iDfNcUSdeuhUOdQQOgPwBmpgKDtavzHdpXEw1joMM=
